
Microsoft Visual Studio Solution File, Format Version 12.00
# Visual Studio Version 16
VisualStudioVersion = 16.0.31702.278
MinimumVisualStudioVersion = 10.0.40219.1
Project("{FAE04EC0-301F-11D3-BF4B-00C04F79EFBC}") = "ServerAPI", "ServerAPI\ServerAPI.csproj", "{0BDF2BA7-2449-41FF-B6EF-0EDF20E95F55}"
EndProject
Global
	GlobalSection(SolutionConfigurationPlatforms) = preSolution
		Debug|Any CPU = Debug|Any CPU
		Release|Any CPU = Release|Any CPU
	EndGlobalSection
	GlobalSection(ProjectConfigurationPlatforms) = postSolution
		{0BDF2BA7-2449-41FF-B6EF-0EDF20E95F55}.Debug|Any CPU.ActiveCfg = Debug|Any CPU
		{0BDF2BA7-2449-41FF-B6EF-0EDF20E95F55}.Debug|Any CPU.Build.0 = Debug|Any CPU
		{0BDF2BA7-2449-41FF-B6EF-0EDF20E95F55}.Release|Any CPU.ActiveCfg = Release|Any CPU
		{0BDF2BA7-2449-41FF-B6EF-0EDF20E95F55}.Release|Any CPU.Build.0 = Release|Any CPU
	EndGlobalSection
	GlobalSection(SolutionProperties) = preSolution
		HideSolutionNode = FALSE
	EndGlobalSection
	GlobalSection(ExtensibilityGlobals) = postSolution
		SolutionGuid = {60DD4C59-B9D4-4546-924F-E388A06BB219}
	EndGlobalSection
EndGlobal
